
Microsoft Visual Studio Solution File, Format Version 12.00
# Visual Studio Version 16
VisualStudioVersion = 16.0.30907.101
MinimumVisualStudioVersion = 10.0.40219.1
Project("{FAE04EC0-301F-11D3-BF4B-00C04F79EFBC}") = "NorthwindNuGet", "NorthwindNuGet\NorthwindNuGet.csproj", "{8A83D900-A815-43D4-9337-A9344A01C6C0}"
EndProject
Global
	GlobalSection(SolutionConfigurationPlatforms) = preSolution
		Debug|Any CPU = Debug|Any CPU
		Release|Any CPU = Release|Any CPU
	EndGlobalSection
	GlobalSection(ProjectConfigurationPlatforms) = postSolution
		{8A83D900-A815-43D4-9337-A9344A01C6C0}.Debug|Any CPU.ActiveCfg = Debug|Any CPU
		{8A83D900-A815-43D4-9337-A9344A01C6C0}.Debug|Any CPU.Build.0 = Debug|Any CPU
		{8A83D900-A815-43D4-9337-A9344A01C6C0}.Release|Any CPU.ActiveCfg = Release|Any CPU
		{8A83D900-A815-43D4-9337-A9344A01C6C0}.Release|Any CPU.Build.0 = Release|Any CPU
	EndGlobalSection
	GlobalSection(SolutionProperties) = preSolution
		HideSolutionNode = FALSE
	EndGlobalSection
	GlobalSection(ExtensibilityGlobals) = postSolution
		SolutionGuid = {62830E2C-2774-44B9-A261-81AB56C07832}
	EndGlobalSection
EndGlobal
